
Microsoft Visual Studio Solution File, Format Version 12.00
# Visual Studio Version 17
VisualStudioVersion = 17.14.36202.13 d17.14
MinimumVisualStudioVersion = 10.0.40219.1
Project("{FAE04EC0-301F-11D3-BF4B-00C04F79EFBC}") = "myhealth", "myhealth\myhealth.csproj", "{24860EE3-746F-4785-80E5-72A99E037C40}"
EndProject
Global
	GlobalSection(SolutionConfigurationPlatforms) = preSolution
		Debug|Any CPU = Debug|Any CPU
		Release|Any CPU = Release|Any CPU
	EndGlobalSection
	GlobalSection(ProjectConfigurationPlatforms) = postSolution
		{24860EE3-746F-4785-80E5-72A99E037C40}.Debug|Any CPU.ActiveCfg = Debug|Any CPU
		{24860EE3-746F-4785-80E5-72A99E037C40}.Debug|Any CPU.Build.0 = Debug|Any CPU
		{24860EE3-746F-4785-80E5-72A99E037C40}.Release|Any CPU.ActiveCfg = Release|Any CPU
		{24860EE3-746F-4785-80E5-72A99E037C40}.Release|Any CPU.Build.0 = Release|Any CPU
	EndGlobalSection
	GlobalSection(SolutionProperties) = preSolution
		HideSolutionNode = FALSE
	EndGlobalSection
	GlobalSection(ExtensibilityGlobals) = postSolution
		SolutionGuid = {13828754-1DEA-4BCD-819E-ABB8A19E1AF7}
	EndGlobalSection
EndGlobal
